# Generated by pub
# See https://dart.dev/tools/pub/glossary#lockfile
packages:
  _fe_analyzer_shared:
    dependency: transitive
    description:
      name: _fe_analyzer_shared
      sha256: "0dc206e9f298f41bf862b9588d9753d33075f5d5148c45e63d19968c82bf5c35"
      url: "https://pub.dev"
    source: hosted
    version: "13.0.0"
  analyzer:
    dependency: transitive
    description:
      name: analyzer
      sha256: "6ddcedf32a9b33eecfd81407df9acbd4550f19c06c9540926c8ed50872d01b9a"
      url: "https://pub.dev"
    source: hosted
    version: "0.41.0"
  args:
    dependency: transitive
    description:
      name: args
      sha256: "6ba785824030bc97154264652acfd6a2dc699cd85f6def708fb7534d23ef1348"
      url: "https://pub.dev"
    source: hosted
    version: "1.6.0"
  async:
    dependency: "direct main"
    description:
      name: async
      sha256: "5386f08a54d1b58d17e4bc6dee9b6b24a256b1fc7e2addba11945eec144edad8"
      url: "https://pub.dev"
    source: hosted
    version: "2.7.0"
  boolean_selector:
    dependency: transitive
    description:
      name: boolean_selector
      sha256: "5bbf32bc9e518d41ec49718e2931cd4527292c9b0c6d2dffcf7fe6b9a8a8cf72"
      url: "https://pub.dev"
    source: hosted
    version: "2.1.0"
  charcode:
    dependency: transitive
    description:
      name: charcode
      sha256: "8e36feea6de5ea69f2199f29cf42a450a855738c498b57c0b980e2d3cca9c362"
      url: "https://pub.dev"
    source: hosted
    version: "1.2.0"
  cli_util:
    dependency: transitive
    description:
      name: cli_util
      sha256: "169b78fc76cf2bb72bab114c6142a20ab7c4ceb7449f8fb8840bb15c9ef1ba27"
      url: "https://pub.dev"
    source: hosted
    version: "0.2.0"
  collection:
    dependency: "direct main"
    description:
      name: collection
      sha256: "6d4193120997ecfd09acf0e313f13dc122b119e5eca87ef57a7d065ec9183762"
      url: "https://pub.dev"
    source: hosted
    version: "1.15.0"
  convert:
    dependency: transitive
    description:
      name: convert
      sha256: "3fa83bc417e26f1d55814443a603747d48e3cdf55b2f4fea27dea8e9224dcefd"
      url: "https://pub.dev"
    source: hosted
    version: "2.1.1"
  coverage:
    dependency: transitive
    description:
      name: coverage
      sha256: "7c2065a21e40c96eb0674205a48616dc4dcff138c78dfc8f46666d65b7512a46"
      url: "https://pub.dev"
    source: hosted
    version: "0.14.2"
  crypto:
    dependency: transitive
    description:
      name: crypto
      sha256: "3ce628f3c6a7144be6c524dbb20ca5af52fa59c850c587bf5e52cd70ece8e7e8"
      url: "https://pub.dev"
    source: hosted
    version: "2.1.5"
  file:
    dependency: transitive
    description:
      name: file
      sha256: "781811e896666e9a728fd85b13129e32d73f05167a5da1891739f4609c6a8d7d"
      url: "https://pub.dev"
    source: hosted
    version: "5.2.1"
  glob:
    dependency: transitive
    description:
      name: glob
      sha256: "7a3d9aac121f4e7ec23ca7a32e383188ddd416dbaca7f5dc52c8fd98bbceb43b"
      url: "https://pub.dev"
    source: hosted
    version: "1.2.0"
  http_multi_server:
    dependency: transitive
    description:
      name: http_multi_server
      sha256: "90daef58b775dc37bc409f4053763503f6544f6af7c910d2c2a7f1946554e5e5"
      url: "https://pub.dev"
    source: hosted
    version: "2.2.0"
  http_parser:
    dependency: transitive
    description:
      name: http_parser
      sha256: "9d2b0626e9e402fc98e6868360da8f256064d6c0b8e4c3edcca5e02fb0b95da9"
      url: "https://pub.dev"
    source: hosted
    version: "3.1.4"
  intl:
    dependency: transitive
    description:
      name: intl
      sha256: "4691515bb3f68ebbc4776bc97a84d429bb8e8c141a77b5ab988a4b02adb1747a"
      url: "https://pub.dev"
    source: hosted
    version: "0.16.1"
  io:
    dependency: transitive
    description:
      name: io
      sha256: "69955598ee18b1044fc2e5199a146ea871f59561d5fdda5bdf4cc80644d81a04"
      url: "https://pub.dev"
    source: hosted
    version: "0.3.4"
  js:
    dependency: transitive
    description:
      name: js
      sha256: d9bdfd70d828eeb352390f81b18d6a354ef2044aa28ef25682079797fa7cd174
      url: "https://pub.dev"
    source: hosted
    version: "0.6.3"
  lint:
    dependency: "direct dev"
    description:
      name: lint
      sha256: "3e9343b1cededcfb1e8b40d0dbd3592b7a1c6c0121545663a991433390c2bc97"
      url: "https://pub.dev"
    source: hosted
    version: "2.0.1"
  logging:
    dependency: transitive
    description:
      name: logging
      sha256: "239402c239e2a390cf745af3a496fb985dc8f0b31b3f5fe0d460e42289d33ad7"
      url: "https://pub.dev"
    source: hosted
    version: "0.11.4"
  matcher:
    dependency: transitive
    description:
      name: matcher
      sha256: "38c7be344ac5057e10161a5ecb00c9d9d67ed2f150001278601dd27d9fe64206"
      url: "https://pub.dev"
    source: hosted
    version: "0.12.10"
  meta:
    dependency: transitive
    description:
      name: meta
      sha256: "98a7492d10d7049ea129fd4e50f7cdd2d5008522b1dfa1148bbbc542b9dd21f7"
      url: "https://pub.dev"
    source: hosted
    version: "1.3.0"
  mime:
    dependency: transitive
    description:
      name: mime
      sha256: "5041f313f4e30fbd70dee7c0403785a4ee270f75830f590e5983960fddf743e4"
      url: "https://pub.dev"
    source: hosted
    version: "0.9.7"
  node_interop:
    dependency: transitive
    description:
      name: node_interop
      sha256: "910d75f8589630cd197b8b7ec70e648bc380950b489b07bda1da0c5b20c4b8c1"
      url: "https://pub.dev"
    source: hosted
    version: "1.2.1"
  node_io:
    dependency: transitive
    description:
      name: node_io
      sha256: "36b74b2bcea9aa7484caa91e24bddde3f56e87fdc84f4da1cab7522a4b3680fe"
      url: "https://pub.dev"
    source: hosted
    version: "1.2.0"
  node_preamble:
    dependency: transitive
    description:
      name: node_preamble
      sha256: "19fbcd082b2ca6ca7874571e11120d025134995103e0ff3905666779048ad893"
      url: "https://pub.dev"
    source: hosted
    version: "1.4.12"
  package_config:
    dependency: transitive
    description:
      name: package_config
      sha256: "08b3acb5f8c9736aaf26776864ea68441bb69a82d900cbce47cd962b3ddb12c9"
      url: "https://pub.dev"
    source: hosted
    version: "1.9.3"
  path:
    dependency: transitive
    description:
      name: path
      sha256: "2ad4cddff7f5cc0e2d13069f2a3f7a73ca18f66abd6f5ecf215219cdb3638edb"
      url: "https://pub.dev"
    source: hosted
    version: "1.8.0"
  pedantic:
    dependency: transitive
    description:
      name: pedantic
      sha256: "207f9260c7a46946d09619b5ba1caf1fd50faf10fe3bae0176c626dceac5193d"
      url: "https://pub.dev"
    source: hosted
    version: "1.10.0"
  pool:
    dependency: transitive
    description:
      name: pool
      sha256: "05955e3de2683e1746222efd14b775df7131139e07695dc8e24650f6b4204504"
      url: "https://pub.dev"
    source: hosted
    version: "1.5.0"
  pub_semver:
    dependency: transitive
    description:
      name: pub_semver
      sha256: "3c51ec0aaeccb85cacfe824816c60e1e3c53da586c64e1166422a906a4f7251c"
      url: "https://pub.dev"
    source: hosted
    version: "1.4.4"
  shelf:
    dependency: transitive
    description:
      name: shelf
      sha256: d16d1197f877e814f767be03c1c5940a397ae0ddb46dcfb9b5465074bb80ee37
      url: "https://pub.dev"
    source: hosted
    version: "0.7.9"
  shelf_packages_handler:
    dependency: transitive
    description:
      name: shelf_packages_handler
      sha256: cafe5a04a661287b8053e8ff6066261e6562eadb88e7d9fe85da8d7ae94e5728
      url: "https://pub.dev"
    source: hosted
    version: "2.0.0"
  shelf_static:
    dependency: transitive
    description:
      name: shelf_static
      sha256: "2020a57c81286e98b485c4b3ec55cbdd11aea03d96414c50e82d95e9ea690224"
      url: "https://pub.dev"
    source: hosted
    version: "0.2.8"
  shelf_web_socket:
    dependency: transitive
    description:
      name: shelf_web_socket
      sha256: "31ff82cb8d68bc39a938fdced96b17ef7239c28151028b4d7e80ca027b886ec7"
      url: "https://pub.dev"
    source: hosted
    version: "0.2.3"
  source_map_stack_trace:
    dependency: transitive
    description:
      name: source_map_stack_trace
      sha256: "8c463326277f68a628abab20580047b419c2ff66756fd0affd451f73f9508c11"
      url: "https://pub.dev"
    source: hosted
    version: "2.1.0"
  source_maps:
    dependency: transitive
    description:
      name: source_maps
      sha256: "52de2200bb098de739794c82d09c41ac27b2e42fd7e23cce7b9c74bf653c7296"
      url: "https://pub.dev"
    source: hosted
    version: "0.10.10"
  source_span:
    dependency: transitive
    description:
      name: source_span
      sha256: d5f89a9e52b36240a80282b3dc0667dd36e53459717bb17b8fb102d30496606a
      url: "https://pub.dev"
    source: hosted
    version: "1.8.1"
  stack_trace:
    dependency: transitive
    description:
      name: stack_trace
      sha256: f8d9f247e2f9f90e32d1495ff32dac7e4ae34ffa7194c5ff8fcc0fd0e52df774
      url: "https://pub.dev"
    source: hosted
    version: "1.10.0"
  stream_channel:
    dependency: transitive
    description:
      name: stream_channel
      sha256: db47e4797198ee601990820437179bb90219f918962318d494ada2b4b11e6f6d
      url: "https://pub.dev"
    source: hosted
    version: "2.1.0"
  string_scanner:
    dependency: transitive
    description:
      name: string_scanner
      sha256: dd11571b8a03f7cadcf91ec26a77e02bfbd6bbba2a512924d3116646b4198fc4
      url: "https://pub.dev"
    source: hosted
    version: "1.1.0"
  term_glyph:
    dependency: transitive
    description:
      name: term_glyph
      sha256: a88162591b02c1f3a3db3af8ce1ea2b374bd75a7bb8d5e353bcfbdc79d719830
      url: "https://pub.dev"
    source: hosted
    version: "1.2.0"
  test:
    dependency: "direct dev"
    description:
      name: test
      sha256: "9d66e2b88d784ef62dcf6db7c1490fd5a3fe90eb231a6769e6cda3a82890f6ea"
      url: "https://pub.dev"
    source: hosted
    version: "1.16.2"
  test_api:
    dependency: transitive
    description:
      name: test_api
      sha256: "637a0c7ff81307fe6e31edfd338c798aeeef4c2c3fad031fc91ec92d5ef47c75"
      url: "https://pub.dev"
    source: hosted
    version: "0.2.19"
  test_core:
    dependency: transitive
    description:
      name: test_core
      sha256: "7a686327da40b3d266d05b8de69ab89319640267640137214bc0647f35458aa1"
      url: "https://pub.dev"
    source: hosted
    version: "0.3.13"
  typed_data:
    dependency: transitive
    description:
      name: typed_data
      sha256: "53bdf7e979cfbf3e28987552fd72f637e63f3c8724c9e56d9246942dc2fa36ee"
      url: "https://pub.dev"
    source: hosted
    version: "1.3.0"
  vm_service:
    dependency: transitive
    description:
      name: vm_service
      sha256: ec8861f85bf8037ebdb453066879ece9d0f25fdac42cd2ff4d43b47239d0f8aa
      url: "https://pub.dev"
    source: hosted
    version: "5.5.0"
  watcher:
    dependency: transitive
    description:
      name: watcher
      sha256: c0b32652d41aa3c5053309286d96c4659f0d3001db9c97422c8700f163aa80e7
      url: "https://pub.dev"
    source: hosted
    version: "0.9.7+15"
  web_socket_channel:
    dependency: transitive
    description:
      name: web_socket_channel
      sha256: "7712c6d1d3f1ad9b7f6da95c3898fd39c60592307475bef76f10ab388ec258de"
      url: "https://pub.dev"
    source: hosted
    version: "1.1.0"
  webkit_inspection_protocol:
    dependency: transitive
    description:
      name: webkit_inspection_protocol
      sha256: "32dba9001b314df144673aa1b565378ffc350e1ad6cd6ff62db247be56537747"
      url: "https://pub.dev"
    source: hosted
    version: "0.7.4"
  yaml:
    dependency: transitive
    description:
      name: yaml
      sha256: "5ec3d7ffef5a113f664e4c61c08508e23acb2d87021645468967200d684b9274"
      url: "https://pub.dev"
    source: hosted
    version: "2.2.1"
sdks:
  dart: ">=2.18.0 <3.0.0"
